
Microsoft Visual Studio Solution File, Format Version 12.00
# Visual Studio Version 17
VisualStudioVersion = 17.0.31903.59
MinimumVisualStudioVersion = 10.0.40219.1
Project("{FAE04EC0-301F-11D3-BF4B-00C04F79EFBC}") = "SchoolManagementSystem", "SchoolManagementSystem\SchoolManagementSystem.csproj", "{B1A21C40-2611-4357-BD77-2220CB40AB55}"
EndProject
Global
	GlobalSection(SolutionConfigurationPlatforms) = preSolution
		Debug|Any CPU = Debug|Any CPU
		Debug|x64 = Debug|x64
		Debug|x86 = Debug|x86
		Release|Any CPU = Release|Any CPU
		Release|x64 = Release|x64
		Release|x86 = Release|x86
	EndGlobalSection
	GlobalSection(ProjectConfigurationPlatforms) = postSolution
		{B1A21C40-2611-4357-BD77-2220CB40AB55}.Debug|Any CPU.ActiveCfg = Debug|Any CPU
		{B1A21C40-2611-4357-BD77-2220CB40AB55}.Debug|Any CPU.Build.0 = Debug|Any CPU
		{B1A21C40-2611-4357-BD77-2220CB40AB55}.Debug|x64.ActiveCfg = Debug|Any CPU
		{B1A21C40-2611-4357-BD77-2220CB40AB55}.Debug|x64.Build.0 = Debug|Any CPU
		{B1A21C40-2611-4357-BD77-2220CB40AB55}.Debug|x86.ActiveCfg = Debug|Any CPU
		{B1A21C40-2611-4357-BD77-2220CB40AB55}.Debug|x86.Build.0 = Debug|Any CPU
		{B1A21C40-2611-4357-BD77-2220CB40AB55}.Release|Any CPU.ActiveCfg = Release|Any CPU
		{B1A21C40-2611-4357-BD77-2220CB40AB55}.Release|Any CPU.Build.0 = Release|Any CPU
		{B1A21C40-2611-4357-BD77-2220CB40AB55}.Release|x64.ActiveCfg = Release|Any CPU
		{B1A21C40-2611-4357-BD77-2220CB40AB55}.Release|x64.Build.0 = Release|Any CPU
		{B1A21C40-2611-4357-BD77-2220CB40AB55}.Release|x86.ActiveCfg = Release|Any CPU
		{B1A21C40-2611-4357-BD77-2220CB40AB55}.Release|x86.Build.0 = Release|Any CPU
	EndGlobalSection
	GlobalSection(SolutionProperties) = preSolution
		HideSolutionNode = FALSE
	EndGlobalSection
EndGlobal
